
Microsoft Visual Studio Solution File, Format Version 12.00
# Visual Studio Version 17
VisualStudioVersion = 17.6.33829.357
MinimumVisualStudioVersion = 10.0.40219.1
Project("{2150E333-8FDC-42A3-9474-1A3956D46DE8}") = "Services", "Services", "{8ADD3A0D-D372-4F5F-A52A-298493C617D5}"
EndProject
Project("{2150E333-8FDC-42A3-9474-1A3956D46DE8}") = "WebApps", "WebApps", "{660FECDF-577B-4FA4-A953-EEFF0553D674}"
EndProject
Project("{2150E333-8FDC-42A3-9474-1A3956D46DE8}") = "Cadastros", "Cadastros", "{F405F8CE-D285-4013-AFB2-5BF23639AFFD}"
EndProject
Project("{2150E333-8FDC-42A3-9474-1A3956D46DE8}") = "Catalogo", "Catalogo", "{6A0C5241-D820-477A-BD72-D7BBFEC41401}"
EndProject
Project("{2150E333-8FDC-42A3-9474-1A3956D46DE8}") = "Core", "Core", "{EFF66C48-BDA0-4B97-97CD-4EDD87153970}"
EndProject
Project("{2150E333-8FDC-42A3-9474-1A3956D46DE8}") = "Fiscal", "Fiscal", "{BB8E0500-9F5B-40F5-A947-7611B5E816D2}"
EndProject
Project("{2150E333-8FDC-42A3-9474-1A3956D46DE8}") = "Pagamentos", "Pagamentos", "{A0FE8592-4F0A-4AF9-BB76-4E75D4D09112}"
EndProject
Project("{2150E333-8FDC-42A3-9474-1A3956D46DE8}") = "Vendas", "Vendas", "{54B1AF01-3AB3-4F2E-9A13-961019FBBABA}"
EndProject
Project("{9A19103F-16F7-4668-BE54-9A1E7A4F7556}") = "LP10.Core", "src\LP10.Core\LP10.Core.csproj", "{D214293C-4E83-4438-861C-9E1A1D3D9FC3}"
EndProject
Project("{9A19103F-16F7-4668-BE54-9A1E7A4F7556}") = "LP10.Catalogo.Domain", "src\LP10.Catalogo.Domain\LP10.Catalogo.Domain.csproj", "{546259F6-98FB-4E42-B9FD-8C1E3DB4591A}"
EndProject
Project("{9A19103F-16F7-4668-BE54-9A1E7A4F7556}") = "LP10.Catalogo.Domain.Tests", "tests\LP10.Catalogo.Domain.Tests\LP10.Catalogo.Domain.Tests.csproj", "{08CE26C0-587F-4553-A376-AA5B9A99EE40}"
EndProject
Project("{2150E333-8FDC-42A3-9474-1A3956D46DE8}") = "Tests", "Tests", "{8046D345-D446-41D1-9E01-4C61C07E7E92}"
EndProject
Project("{9A19103F-16F7-4668-BE54-9A1E7A4F7556}") = "LP10.Catalogo.Data", "src\LP10.Catalogo.Data\LP10.Catalogo.Data.csproj", "{FB3567DC-7EAF-40E9-AACF-5E87323F5635}"
EndProject
Project("{9A19103F-16F7-4668-BE54-9A1E7A4F7556}") = "LP10.WebApp.MVC", "src\LP10.WebApp.MVC\LP10.WebApp.MVC.csproj", "{BB098CE6-B68A-44C5-AC6F-5837C4CD1A2D}"
EndProject
Project("{9A19103F-16F7-4668-BE54-9A1E7A4F7556}") = "LP10.Catalogo.Application", "src\LP10.Catalogo.Service\LP10.Catalogo.Application.csproj", "{827EB6F8-2665-4E7B-BAA1-35AB703628FA}"
EndProject
Project("{FAE04EC0-301F-11D3-BF4B-00C04F79EFBC}") = "LP10.Vendas.Application", "LP10.Vendas.Application\LP10.Vendas.Application.csproj", "{9320980F-313B-4B7F-98EA-D1B17262DAAD}"
EndProject
Project("{FAE04EC0-301F-11D3-BF4B-00C04F79EFBC}") = "LP10.Vendas.Data", "LP10.Vendas.Data\LP10.Vendas.Data.csproj", "{0378B48D-9E8F-4A5E-A89F-543BBFA6D26C}"
EndProject
Project("{FAE04EC0-301F-11D3-BF4B-00C04F79EFBC}") = "LP10.Vendas.Domain", "LP10.Vendas.Domain\LP10.Vendas.Domain.csproj", "{01EE7F3C-3D80-4FF4-8EDE-599BBA0793F8}"
EndProject
Global
	GlobalSection(SolutionConfigurationPlatforms) = preSolution
		Debug|Any CPU = Debug|Any CPU
		Release|Any CPU = Release|Any CPU
	EndGlobalSection
	GlobalSection(ProjectConfigurationPlatforms) = postSolution
		{D214293C-4E83-4438-861C-9E1A1D3D9FC3}.Debug|Any CPU.ActiveCfg = Debug|Any CPU
		{D214293C-4E83-4438-861C-9E1A1D3D9FC3}.Debug|Any CPU.Build.0 = Debug|Any CPU
		{D214293C-4E83-4438-861C-9E1A1D3D9FC3}.Release|Any CPU.ActiveCfg = Release|Any CPU
		{D214293C-4E83-4438-861C-9E1A1D3D9FC3}.Release|Any CPU.Build.0 = Release|Any CPU
		{546259F6-98FB-4E42-B9FD-8C1E3DB4591A}.Debug|Any CPU.ActiveCfg = Debug|Any CPU
		{546259F6-98FB-4E42-B9FD-8C1E3DB4591A}.Debug|Any CPU.Build.0 = Debug|Any CPU
		{546259F6-98FB-4E42-B9FD-8C1E3DB4591A}.Release|Any CPU.ActiveCfg = Release|Any CPU
		{546259F6-98FB-4E42-B9FD-8C1E3DB4591A}.Release|Any CPU.Build.0 = Release|Any CPU
		{08CE26C0-587F-4553-A376-AA5B9A99EE40}.Debug|Any CPU.ActiveCfg = Debug|Any CPU
		{08CE26C0-587F-4553-A376-AA5B9A99EE40}.Debug|Any CPU.Build.0 = Debug|Any CPU
		{08CE26C0-587F-4553-A376-AA5B9A99EE40}.Release|Any CPU.ActiveCfg = Release|Any CPU
		{08CE26C0-587F-4553-A376-AA5B9A99EE40}.Release|Any CPU.Build.0 = Release|Any CPU
		{FB3567DC-7EAF-40E9-AACF-5E87323F5635}.Debug|Any CPU.ActiveCfg = Debug|Any CPU
		{FB3567DC-7EAF-40E9-AACF-5E87323F5635}.Debug|Any CPU.Build.0 = Debug|Any CPU
		{FB3567DC-7EAF-40E9-AACF-5E87323F5635}.Release|Any CPU.ActiveCfg = Release|Any CPU
		{FB3567DC-7EAF-40E9-AACF-5E87323F5635}.Release|Any CPU.Build.0 = Release|Any CPU
		{BB098CE6-B68A-44C5-AC6F-5837C4CD1A2D}.Debug|Any CPU.ActiveCfg = Debug|Any CPU
		{BB098CE6-B68A-44C5-AC6F-5837C4CD1A2D}.Debug|Any CPU.Build.0 = Debug|Any CPU
		{BB098CE6-B68A-44C5-AC6F-5837C4CD1A2D}.Release|Any CPU.ActiveCfg = Release|Any CPU
		{BB098CE6-B68A-44C5-AC6F-5837C4CD1A2D}.Release|Any CPU.Build.0 = Release|Any CPU
		{827EB6F8-2665-4E7B-BAA1-35AB703628FA}.Debug|Any CPU.ActiveCfg = Debug|Any CPU
		{827EB6F8-2665-4E7B-BAA1-35AB703628FA}.Debug|Any CPU.Build.0 = Debug|Any CPU
		{827EB6F8-2665-4E7B-BAA1-35AB703628FA}.Release|Any CPU.ActiveCfg = Release|Any CPU
		{827EB6F8-2665-4E7B-BAA1-35AB703628FA}.Release|Any CPU.Build.0 = Release|Any CPU
		{9320980F-313B-4B7F-98EA-D1B17262DAAD}.Debug|Any CPU.ActiveCfg = Debug|Any CPU
		{9320980F-313B-4B7F-98EA-D1B17262DAAD}.Debug|Any CPU.Build.0 = Debug|Any CPU
		{9320980F-313B-4B7F-98EA-D1B17262DAAD}.Release|Any CPU.ActiveCfg = Release|Any CPU
		{9320980F-313B-4B7F-98EA-D1B17262DAAD}.Release|Any CPU.Build.0 = Release|Any CPU
		{0378B48D-9E8F-4A5E-A89F-543BBFA6D26C}.Debug|Any CPU.ActiveCfg = Debug|Any CPU
		{0378B48D-9E8F-4A5E-A89F-543BBFA6D26C}.Debug|Any CPU.Build.0 = Debug|Any CPU
		{0378B48D-9E8F-4A5E-A89F-543BBFA6D26C}.Release|Any CPU.ActiveCfg = Release|Any CPU
		{0378B48D-9E8F-4A5E-A89F-543BBFA6D26C}.Release|Any CPU.Build.0 = Release|Any CPU
		{01EE7F3C-3D80-4FF4-8EDE-599BBA0793F8}.Debug|Any CPU.ActiveCfg = Debug|Any CPU
		{01EE7F3C-3D80-4FF4-8EDE-599BBA0793F8}.Debug|Any CPU.Build.0 = Debug|Any CPU
		{01EE7F3C-3D80-4FF4-8EDE-599BBA0793F8}.Release|Any CPU.ActiveCfg = Release|Any CPU
		{01EE7F3C-3D80-4FF4-8EDE-599BBA0793F8}.Release|Any CPU.Build.0 = Release|Any CPU
	EndGlobalSection
	GlobalSection(SolutionProperties) = preSolution
		HideSolutionNode = FALSE
	EndGlobalSection
	GlobalSection(NestedProjects) = preSolution
		{F405F8CE-D285-4013-AFB2-5BF23639AFFD} = {8ADD3A0D-D372-4F5F-A52A-298493C617D5}
		{6A0C5241-D820-477A-BD72-D7BBFEC41401} = {8ADD3A0D-D372-4F5F-A52A-298493C617D5}
		{EFF66C48-BDA0-4B97-97CD-4EDD87153970} = {8ADD3A0D-D372-4F5F-A52A-298493C617D5}
		{BB8E0500-9F5B-40F5-A947-7611B5E816D2} = {8ADD3A0D-D372-4F5F-A52A-298493C617D5}
		{A0FE8592-4F0A-4AF9-BB76-4E75D4D09112} = {8ADD3A0D-D372-4F5F-A52A-298493C617D5}
		{54B1AF01-3AB3-4F2E-9A13-961019FBBABA} = {8ADD3A0D-D372-4F5F-A52A-298493C617D5}
		{D214293C-4E83-4438-861C-9E1A1D3D9FC3} = {EFF66C48-BDA0-4B97-97CD-4EDD87153970}
		{546259F6-98FB-4E42-B9FD-8C1E3DB4591A} = {6A0C5241-D820-477A-BD72-D7BBFEC41401}
		{08CE26C0-587F-4553-A376-AA5B9A99EE40} = {8046D345-D446-41D1-9E01-4C61C07E7E92}
		{8046D345-D446-41D1-9E01-4C61C07E7E92} = {6A0C5241-D820-477A-BD72-D7BBFEC41401}
		{FB3567DC-7EAF-40E9-AACF-5E87323F5635} = {6A0C5241-D820-477A-BD72-D7BBFEC41401}
		{BB098CE6-B68A-44C5-AC6F-5837C4CD1A2D} = {660FECDF-577B-4FA4-A953-EEFF0553D674}
		{827EB6F8-2665-4E7B-BAA1-35AB703628FA} = {6A0C5241-D820-477A-BD72-D7BBFEC41401}
		{9320980F-313B-4B7F-98EA-D1B17262DAAD} = {54B1AF01-3AB3-4F2E-9A13-961019FBBABA}
		{0378B48D-9E8F-4A5E-A89F-543BBFA6D26C} = {54B1AF01-3AB3-4F2E-9A13-961019FBBABA}
		{01EE7F3C-3D80-4FF4-8EDE-599BBA0793F8} = {54B1AF01-3AB3-4F2E-9A13-961019FBBABA}
	EndGlobalSection
	GlobalSection(ExtensibilityGlobals) = postSolution
		SolutionGuid = {E421254D-59B3-4CFE-A34D-BA016905CD5E}
	EndGlobalSection
EndGlobal
